// !$*UTF8*$!
{
	archiveVersion = 1;
	classes = {
	};
	objectVersion = 46;
	objects = {

/* Begin PBXBuildFile section */
		143E094226E259DB009FBC6B /* ZiggeoRecorderContext.m in Sources */ = {isa = PBXBuildFile; fileRef = 143E094126E259DA009FBC6B /* ZiggeoRecorderContext.m */; };
		1494B82026F1975000DBD19F /* ZiggeoConstants.m in Sources */ = {isa = PBXBuildFile; fileRef = 1494B81F26F1975000DBD19F /* ZiggeoConstants.m */; };
		14B77D66274F2A7100C98BD7 /* RCTAudios.m in Sources */ = {isa = PBXBuildFile; fileRef = 14B77D61274F2A7100C98BD7 /* RCTAudios.m */; };
		14B77D67274F2A7100C98BD7 /* RCTImages.m in Sources */ = {isa = PBXBuildFile; fileRef = 14B77D63274F2A7100C98BD7 /* RCTImages.m */; };
		14B77D68274F2A7100C98BD7 /* RCTVideos.m in Sources */ = {isa = PBXBuildFile; fileRef = 14B77D65274F2A7100C98BD7 /* RCTVideos.m */; };
		14B77D6C274F2CA200C98BD7 /* RCTContactUs.m in Sources */ = {isa = PBXBuildFile; fileRef = 14B77D6A274F2CA100C98BD7 /* RCTContactUs.m */; };
		586037366D688468D3715098 /* ButtonConfig+parse.m in Sources */ = {isa = PBXBuildFile; fileRef = 58603263C86843794188BB9C /* ButtonConfig+parse.m */; };
		58603C1F09BE7D4B2D1EBED8 /* RCTZCameraModule.m in Sources */ = {isa = PBXBuildFile; fileRef = 58603D35859263FA0BCC6D0E /* RCTZCameraModule.m */; };
		843872862632EEAD00520AB0 /* ZVideoViewManagerManager.m in Sources */ = {isa = PBXBuildFile; fileRef = 8438727E2632EEAC00520AB0 /* ZVideoViewManagerManager.m */; };
		843872872632EEAD00520AB0 /* RCTZiggeoVideoView.m in Sources */ = {isa = PBXBuildFile; fileRef = 8438727F2632EEAC00520AB0 /* RCTZiggeoVideoView.m */; };
		843872882632EEAD00520AB0 /* RCTZVideoViewModule.m in Sources */ = {isa = PBXBuildFile; fileRef = 843872812632EEAD00520AB0 /* RCTZVideoViewModule.m */; };
		844A42EC2617607E00FFC8DA /* ZCameraViewManagerManager.m in Sources */ = {isa = PBXBuildFile; fileRef = 844A42EA2617607E00FFC8DA /* ZCameraViewManagerManager.m */; };
		8462CE5E26051C1C00FAE178 /* ZCameraView.m in Sources */ = {isa = PBXBuildFile; fileRef = 8462CE5D26051C1C00FAE178 /* ZCameraView.m */; };
		D9CE4217246AD158009C1684 /* RotatingImagePickerController.m in Sources */ = {isa = PBXBuildFile; fileRef = D9CE4216246AD158009C1684 /* RotatingImagePickerController.m */; };
		FA441F381F2A562B00E51295 /* RCTZiggeoPlayer.m in Sources */ = {isa = PBXBuildFile; fileRef = FA441F351F2A562B00E51295 /* RCTZiggeoPlayer.m */; };
		FA441F391F2A562B00E51295 /* RCTZiggeoRecorder.m in Sources */ = {isa = PBXBuildFile; fileRef = FA441F371F2A562B00E51295 /* RCTZiggeoRecorder.m */; };
/* End PBXBuildFile section */

/* Begin PBXCopyFilesBuildPhase section */
		58B511D91A9E6C8500147676 /* CopyFiles */ = {
			isa = PBXCopyFilesBuildPhase;
			buildActionMask = 2147483647;
			dstPath = "include/$(PRODUCT_NAME)";
			dstSubfolderSpec = 16;
			files = (
			);
			runOnlyForDeploymentPostprocessing = 0;
		};
/* End PBXCopyFilesBuildPhase section */

/* Begin PBXFileReference section */
		134814201AA4EA6300B7C361 /* libRNReactNativeZiggeoLibrary.a */ = {isa = PBXFileReference; explicitFileType = archive.ar; includeInIndex = 0; path = libRNReactNativeZiggeoLibrary.a; sourceTree = BUILT_PRODUCTS_DIR; };
		143E094026E259DA009FBC6B /* ZiggeoRecorderContext.h */ = {isa = PBXFileReference; fileEncoding = 4; lastKnownFileType = sourcecode.c.h; path = ZiggeoRecorderContext.h; sourceTree = "<group>"; };
		143E094126E259DA009FBC6B /* ZiggeoRecorderContext.m */ = {isa = PBXFileReference; fileEncoding = 4; lastKnownFileType = sourcecode.c.objc; path = ZiggeoRecorderContext.m; sourceTree = "<group>"; };
		1494B81E26F1975000DBD19F /* ZiggeoConstants.h */ = {isa = PBXFileReference; fileEncoding = 4; lastKnownFileType = sourcecode.c.h; path = ZiggeoConstants.h; sourceTree = "<group>"; };
		1494B81F26F1975000DBD19F /* ZiggeoConstants.m */ = {isa = PBXFileReference; fileEncoding = 4; lastKnownFileType = sourcecode.c.objc; path = ZiggeoConstants.m; sourceTree = "<group>"; };
		14B77D60274F2A7100C98BD7 /* RCTAudios.h */ = {isa = PBXFileReference; fileEncoding = 4; lastKnownFileType = sourcecode.c.h; path = RCTAudios.h; sourceTree = "<group>"; };
		14B77D61274F2A7100C98BD7 /* RCTAudios.m */ = {isa = PBXFileReference; fileEncoding = 4; lastKnownFileType = sourcecode.c.objc; path = RCTAudios.m; sourceTree = "<group>"; };
		14B77D62274F2A7100C98BD7 /* RCTImages.h */ = {isa = PBXFileReference; fileEncoding = 4; lastKnownFileType = sourcecode.c.h; path = RCTImages.h; sourceTree = "<group>"; };
		14B77D63274F2A7100C98BD7 /* RCTImages.m */ = {isa = PBXFileReference; fileEncoding = 4; lastKnownFileType = sourcecode.c.objc; path = RCTImages.m; sourceTree = "<group>"; };
		14B77D64274F2A7100C98BD7 /* RCTVideos.h */ = {isa = PBXFileReference; fileEncoding = 4; lastKnownFileType = sourcecode.c.h; path = RCTVideos.h; sourceTree = "<group>"; };
		14B77D65274F2A7100C98BD7 /* RCTVideos.m */ = {isa = PBXFileReference; fileEncoding = 4; lastKnownFileType = sourcecode.c.objc; path = RCTVideos.m; sourceTree = "<group>"; };
		14B77D6A274F2CA100C98BD7 /* RCTContactUs.m */ = {isa = PBXFileReference; fileEncoding = 4; lastKnownFileType = sourcecode.c.objc; path = RCTContactUs.m; sourceTree = "<group>"; };
		14B77D6B274F2CA100C98BD7 /* RCTContactUs.h */ = {isa = PBXFileReference; fileEncoding = 4; lastKnownFileType = sourcecode.c.h; path = RCTContactUs.h; sourceTree = "<group>"; };
		58603263C86843794188BB9C /* ButtonConfig+parse.m */ = {isa = PBXFileReference; fileEncoding = 4; lastKnownFileType = sourcecode.c.objc; path = "ButtonConfig+parse.m"; sourceTree = "<group>"; };
		58603619D0E1ED8638E98F70 /* ButtonConfig+parse.h */ = {isa = PBXFileReference; fileEncoding = 4; lastKnownFileType = sourcecode.c.h; path = "ButtonConfig+parse.h"; sourceTree = "<group>"; };
		58603D35859263FA0BCC6D0E /* RCTZCameraModule.m */ = {isa = PBXFileReference; fileEncoding = 4; lastKnownFileType = sourcecode.c.objc; path = RCTZCameraModule.m; sourceTree = "<group>"; };
		58603EF5C18338BF365E9D35 /* RCTZCameraModule.h */ = {isa = PBXFileReference; fileEncoding = 4; lastKnownFileType = sourcecode.c.h; path = RCTZCameraModule.h; sourceTree = "<group>"; };
		8438727E2632EEAC00520AB0 /* ZVideoViewManagerManager.m */ = {isa = PBXFileReference; fileEncoding = 4; lastKnownFileType = sourcecode.c.objc; path = ZVideoViewManagerManager.m; sourceTree = "<group>"; };
		8438727F2632EEAC00520AB0 /* RCTZiggeoVideoView.m */ = {isa = PBXFileReference; fileEncoding = 4; lastKnownFileType = sourcecode.c.objc; path = RCTZiggeoVideoView.m; sourceTree = "<group>"; };
		843872802632EEAC00520AB0 /* RCTZVideoViewModule.h */ = {isa = PBXFileReference; fileEncoding = 4; lastKnownFileType = sourcecode.c.h; path = RCTZVideoViewModule.h; sourceTree = "<group>"; };
		843872812632EEAD00520AB0 /* RCTZVideoViewModule.m */ = {isa = PBXFileReference; fileEncoding = 4; lastKnownFileType = sourcecode.c.objc; path = RCTZVideoViewModule.m; sourceTree = "<group>"; };
		843872822632EEAD00520AB0 /* RCTZiggeoVideoView.h */ = {isa = PBXFileReference; fileEncoding = 4; lastKnownFileType = sourcecode.c.h; path = RCTZiggeoVideoView.h; sourceTree = "<group>"; };
		843872842632EEAD00520AB0 /* ZVideoViewManagerManager.h */ = {isa = PBXFileReference; fileEncoding = 4; lastKnownFileType = sourcecode.c.h; path = ZVideoViewManagerManager.h; sourceTree = "<group>"; };
		844A42EA2617607E00FFC8DA /* ZCameraViewManagerManager.m */ = {isa = PBXFileReference; fileEncoding = 4; lastKnownFileType = sourcecode.c.objc; path = ZCameraViewManagerManager.m; sourceTree = "<group>"; };
		844A42EB2617607E00FFC8DA /* ZCameraViewManagerManager.h */ = {isa = PBXFileReference; fileEncoding = 4; lastKnownFileType = sourcecode.c.h; path = ZCameraViewManagerManager.h; sourceTree = "<group>"; };
		8462CE5C26051BAD00FAE178 /* ZCameraView.h */ = {isa = PBXFileReference; lastKnownFileType = sourcecode.c.h; path = ZCameraView.h; sourceTree = "<group>"; };
		8462CE5D26051C1C00FAE178 /* ZCameraView.m */ = {isa = PBXFileReference; fileEncoding = 4; lastKnownFileType = sourcecode.c.objc; path = ZCameraView.m; sourceTree = "<group>"; };
		D9CE4215246AD158009C1684 /* RotatingImagePickerController.h */ = {isa = PBXFileReference; fileEncoding = 4; lastKnownFileType = sourcecode.c.h; path = RotatingImagePickerController.h; sourceTree = "<group>"; };
		D9CE4216246AD158009C1684 /* RotatingImagePickerController.m */ = {isa = PBXFileReference; fileEncoding = 4; lastKnownFileType = sourcecode.c.objc; path = RotatingImagePickerController.m; sourceTree = "<group>"; };
		FA441F341F2A562B00E51295 /* RCTZiggeoPlayer.h */ = {isa = PBXFileReference; fileEncoding = 4; lastKnownFileType = sourcecode.c.h; path = RCTZiggeoPlayer.h; sourceTree = "<group>"; };
		FA441F351F2A562B00E51295 /* RCTZiggeoPlayer.m */ = {isa = PBXFileReference; fileEncoding = 4; lastKnownFileType = sourcecode.c.objc; path = RCTZiggeoPlayer.m; sourceTree = "<group>"; };
		FA441F361F2A562B00E51295 /* RCTZiggeoRecorder.h */ = {isa = PBXFileReference; fileEncoding = 4; lastKnownFileType = sourcecode.c.h; path = RCTZiggeoRecorder.h; sourceTree = "<group>"; };
		FA441F371F2A562B00E51295 /* RCTZiggeoRecorder.m */ = {isa = PBXFileReference; fileEncoding = 4; lastKnownFileType = sourcecode.c.objc; path = RCTZiggeoRecorder.m; sourceTree = "<group>"; };
/* End PBXFileReference section */

/* Begin PBXFrameworksBuildPhase section */
		58B511D81A9E6C8500147676 /* Frameworks */ = {
			isa = PBXFrameworksBuildPhase;
			buildActionMask = 2147483647;
			files = (
			);
			runOnlyForDeploymentPostprocessing = 0;
		};
/* End PBXFrameworksBuildPhase section */

/* Begin PBXGroup section */
		134814211AA4EA7D00B7C361 /* Products */ = {
			isa = PBXGroup;
			children = (
				134814201AA4EA6300B7C361 /* libRNReactNativeZiggeoLibrary.a */,
			);
			name = Products;
			sourceTree = "<group>";
		};
		1494B81D26F1975000DBD19F /* Utils */ = {
			isa = PBXGroup;
			children = (
				1494B81E26F1975000DBD19F /* ZiggeoConstants.h */,
				1494B81F26F1975000DBD19F /* ZiggeoConstants.m */,
			);
			path = Utils;
			sourceTree = "<group>";
		};
		14B77D5F274F2A7100C98BD7 /* Api */ = {
			isa = PBXGroup;
			children = (
				14B77D60274F2A7100C98BD7 /* RCTAudios.h */,
				14B77D61274F2A7100C98BD7 /* RCTAudios.m */,
				14B77D62274F2A7100C98BD7 /* RCTImages.h */,
				14B77D63274F2A7100C98BD7 /* RCTImages.m */,
				14B77D64274F2A7100C98BD7 /* RCTVideos.h */,
				14B77D65274F2A7100C98BD7 /* RCTVideos.m */,
				14B77D6B274F2CA100C98BD7 /* RCTContactUs.h */,
				14B77D6A274F2CA100C98BD7 /* RCTContactUs.m */,
			);
			path = Api;
			sourceTree = "<group>";
		};
		58B511D21A9E6C8500147676 = {
			isa = PBXGroup;
			children = (
				14B77D5F274F2A7100C98BD7 /* Api */,
				1494B81D26F1975000DBD19F /* Utils */,
				8485A25C2649008200040940 /* CameraView */,
				FA441F791F2A595300E51295 /* Frameworks */,
				848D3E45264BEA3700212143 /* Player */,
				134814211AA4EA7D00B7C361 /* Products */,
				848D3E47264BEA4C00212143 /* Recorder */,
				8438728A2632EEC000520AB0 /* VideoView */,
			);
			sourceTree = "<group>";
		};
		8438728A2632EEC000520AB0 /* VideoView */ = {
			isa = PBXGroup;
			children = (
				843872822632EEAD00520AB0 /* RCTZiggeoVideoView.h */,
				8438727F2632EEAC00520AB0 /* RCTZiggeoVideoView.m */,
				843872802632EEAC00520AB0 /* RCTZVideoViewModule.h */,
				843872812632EEAD00520AB0 /* RCTZVideoViewModule.m */,
				843872842632EEAD00520AB0 /* ZVideoViewManagerManager.h */,
				8438727E2632EEAC00520AB0 /* ZVideoViewManagerManager.m */,
			);
			path = VideoView;
			sourceTree = "<group>";
		};
		8485A25C2649008200040940 /* CameraView */ = {
			isa = PBXGroup;
			children = (
				8462CE5C26051BAD00FAE178 /* ZCameraView.h */,
				8462CE5D26051C1C00FAE178 /* ZCameraView.m */,
				844A42EB2617607E00FFC8DA /* ZCameraViewManagerManager.h */,
				844A42EA2617607E00FFC8DA /* ZCameraViewManagerManager.m */,
				58603D35859263FA0BCC6D0E /* RCTZCameraModule.m */,
				58603EF5C18338BF365E9D35 /* RCTZCameraModule.h */,
			);
			path = CameraView;
			sourceTree = "<group>";
		};
		848D3E45264BEA3700212143 /* Player */ = {
			isa = PBXGroup;
			children = (
				FA441F341F2A562B00E51295 /* RCTZiggeoPlayer.h */,
				FA441F351F2A562B00E51295 /* RCTZiggeoPlayer.m */,
			);
			path = Player;
			sourceTree = "<group>";
		};
		848D3E47264BEA4C00212143 /* Recorder */ = {
			isa = PBXGroup;
			children = (
				58603619D0E1ED8638E98F70 /* ButtonConfig+parse.h */,
				58603263C86843794188BB9C /* ButtonConfig+parse.m */,
				FA441F361F2A562B00E51295 /* RCTZiggeoRecorder.h */,
				FA441F371F2A562B00E51295 /* RCTZiggeoRecorder.m */,
				143E094026E259DA009FBC6B /* ZiggeoRecorderContext.h */,
				143E094126E259DA009FBC6B /* ZiggeoRecorderContext.m */,
				D9CE4215246AD158009C1684 /* RotatingImagePickerController.h */,
				D9CE4216246AD158009C1684 /* RotatingImagePickerController.m */,
			);
			path = Recorder;
			sourceTree = "<group>";
		};
		FA441F791F2A595300E51295 /* Frameworks */ = {
			isa = PBXGroup;
			children = (
			);
			name = Frameworks;
			sourceTree = "<group>";
		};
/* End PBXGroup section */

/* Begin PBXNativeTarget section */
		58B511DA1A9E6C8500147676 /* RNReactNativeZiggeoLibrary */ = {
			isa = PBXNativeTarget;
			buildConfigurationList = 58B511EF1A9E6C8500147676 /* Build configuration list for PBXNativeTarget "RNReactNativeZiggeoLibrary" */;
			buildPhases = (
				58B511D71A9E6C8500147676 /* Sources */,
				58B511D81A9E6C8500147676 /* Frameworks */,
				58B511D91A9E6C8500147676 /* CopyFiles */,
			);
			buildRules = (
			);
			dependencies = (
			);
			name = RNReactNativeZiggeoLibrary;
			productName = RCTDataManager;
			productReference = 134814201AA4EA6300B7C361 /* libRNReactNativeZiggeoLibrary.a */;
			productType = "com.apple.product-type.library.static";
		};
/* End PBXNativeTarget section */

/* Begin PBXProject section */
		58B511D31A9E6C8500147676 /* Project object */ = {
			isa = PBXProject;
			attributes = {
				LastUpgradeCheck = 1000;
				ORGANIZATIONNAME = Facebook;
				TargetAttributes = {
					58B511DA1A9E6C8500147676 = {
						CreatedOnToolsVersion = 6.1.1;
					};
				};
			};
			buildConfigurationList = 58B511D61A9E6C8500147676 /* Build configuration list for PBXProject "RNReactNativeZiggeoLibrary" */;
			compatibilityVersion = "Xcode 3.2";
			developmentRegion = English;
			hasScannedForEncodings = 0;
			knownRegions = (
				English,
				en,
			);
			mainGroup = 58B511D21A9E6C8500147676;
			productRefGroup = 58B511D21A9E6C8500147676;
			projectDirPath = "";
			projectRoot = "";
			targets = (
				58B511DA1A9E6C8500147676 /* RNReactNativeZiggeoLibrary */,
			);
		};
/* End PBXProject section */

/* Begin PBXSourcesBuildPhase section */
		58B511D71A9E6C8500147676 /* Sources */ = {
			isa = PBXSourcesBuildPhase;
			buildActionMask = 2147483647;
			files = (
				843872862632EEAD00520AB0 /* ZVideoViewManagerManager.m in Sources */,
				14B77D66274F2A7100C98BD7 /* RCTAudios.m in Sources */,
				844A42EC2617607E00FFC8DA /* ZCameraViewManagerManager.m in Sources */,
				FA441F391F2A562B00E51295 /* RCTZiggeoRecorder.m in Sources */,
				843872882632EEAD00520AB0 /* RCTZVideoViewModule.m in Sources */,
				D9CE4217246AD158009C1684 /* RotatingImagePickerController.m in Sources */,
				14B77D6C274F2CA200C98BD7 /* RCTContactUs.m in Sources */,
				8462CE5E26051C1C00FAE178 /* ZCameraView.m in Sources */,
				14B77D68274F2A7100C98BD7 /* RCTVideos.m in Sources */,
				FA441F381F2A562B00E51295 /* RCTZiggeoPlayer.m in Sources */,
				1494B82026F1975000DBD19F /* ZiggeoConstants.m in Sources */,
				14B77D67274F2A7100C98BD7 /* RCTImages.m in Sources */,
				586037366D688468D3715098 /* ButtonConfig+parse.m in Sources */,
				58603C1F09BE7D4B2D1EBED8 /* RCTZCameraModule.m in Sources */,
				843872872632EEAD00520AB0 /* RCTZiggeoVideoView.m in Sources */,
				143E094226E259DB009FBC6B /* ZiggeoRecorderContext.m in Sources */,
			);
			runOnlyForDeploymentPostprocessing = 0;
		};
/* End PBXSourcesBuildPhase section */

/* Begin XCBuildConfiguration section */
		58B511ED1A9E6C8500147676 /* Debug */ = {
			isa = XCBuildConfiguration;
			buildSettings = {
				ALWAYS_SEARCH_USER_PATHS = NO;
				CLANG_CXX_LANGUAGE_STANDARD = "gnu++0x";
				CLANG_CXX_LIBRARY = "libc++";
				CLANG_ENABLE_MODULES = YES;
				CLANG_ENABLE_OBJC_ARC = YES;
				CLANG_WARN_BLOCK_CAPTURE_AUTORELEASING = YES;
				CLANG_WARN_BOOL_CONVERSION = YES;
				CLANG_WARN_COMMA = YES;
				CLANG_WARN_CONSTANT_CONVERSION = YES;
				CLANG_WARN_DEPRECATED_OBJC_IMPLEMENTATIONS = YES;
				CLANG_WARN_DIRECT_OBJC_ISA_USAGE = YES_ERROR;
				CLANG_WARN_EMPTY_BODY = YES;
				CLANG_WARN_ENUM_CONVERSION = YES;
				CLANG_WARN_INFINITE_RECURSION = YES;
				CLANG_WARN_INT_CONVERSION = YES;
				CLANG_WARN_NON_LITERAL_NULL_CONVERSION = YES;
				CLANG_WARN_OBJC_IMPLICIT_RETAIN_SELF = YES;
				CLANG_WARN_OBJC_LITERAL_CONVERSION = YES;
				CLANG_WARN_OBJC_ROOT_CLASS = YES_ERROR;
				CLANG_WARN_RANGE_LOOP_ANALYSIS = YES;
				CLANG_WARN_STRICT_PROTOTYPES = YES;
				CLANG_WARN_SUSPICIOUS_MOVE = YES;
				CLANG_WARN_UNREACHABLE_CODE = YES;
				CLANG_WARN__DUPLICATE_METHOD_MATCH = YES;
				COPY_PHASE_STRIP = NO;
				ENABLE_STRICT_OBJC_MSGSEND = YES;
				ENABLE_TESTABILITY = YES;
				"EXCLUDED_ARCHS[sdk=iphonesimulator*]" = arm64;
				GCC_C_LANGUAGE_STANDARD = gnu99;
				GCC_DYNAMIC_NO_PIC = NO;
				GCC_NO_COMMON_BLOCKS = YES;
				GCC_OPTIMIZATION_LEVEL = 0;
				GCC_PREPROCESSOR_DEFINITIONS = (
					"DEBUG=1",
					"$(inherited)",
				);
				GCC_SYMBOLS_PRIVATE_EXTERN = NO;
				GCC_WARN_64_TO_32_BIT_CONVERSION = YES;
				GCC_WARN_ABOUT_RETURN_TYPE = YES_ERROR;
				GCC_WARN_UNDECLARED_SELECTOR = YES;
				GCC_WARN_UNINITIALIZED_AUTOS = YES_AGGRESSIVE;
				GCC_WARN_UNUSED_FUNCTION = YES;
				GCC_WARN_UNUSED_VARIABLE = YES;
				IPHONEOS_DEPLOYMENT_TARGET = 8.0;
				MTL_ENABLE_DEBUG_INFO = YES;
				ONLY_ACTIVE_ARCH = YES;
				SDKROOT = iphoneos;
			};
			name = Debug;
		};
		58B511EE1A9E6C8500147676 /* Release */ = {
			isa = XCBuildConfiguration;
			buildSettings = {
				ALWAYS_SEARCH_USER_PATHS = NO;
				CLANG_CXX_LANGUAGE_STANDARD = "gnu++0x";
				CLANG_CXX_LIBRARY = "libc++";
				CLANG_ENABLE_MODULES = YES;
				CLANG_ENABLE_OBJC_ARC = YES;
				CLANG_WARN_BLOCK_CAPTURE_AUTORELEASING = YES;
				CLANG_WARN_BOOL_CONVERSION = YES;
				CLANG_WARN_COMMA = YES;
				CLANG_WARN_CONSTANT_CONVERSION = YES;
				CLANG_WARN_DEPRECATED_OBJC_IMPLEMENTATIONS = YES;
				CLANG_WARN_DIRECT_OBJC_ISA_USAGE = YES_ERROR;
				CLANG_WARN_EMPTY_BODY = YES;
				CLANG_WARN_ENUM_CONVERSION = YES;
				CLANG_WARN_INFINITE_RECURSION = YES;
				CLANG_WARN_INT_CONVERSION = YES;
				CLANG_WARN_NON_LITERAL_NULL_CONVERSION = YES;
				CLANG_WARN_OBJC_IMPLICIT_RETAIN_SELF = YES;
				CLANG_WARN_OBJC_LITERAL_CONVERSION = YES;
				CLANG_WARN_OBJC_ROOT_CLASS = YES_ERROR;
				CLANG_WARN_RANGE_LOOP_ANALYSIS = YES;
				CLANG_WARN_STRICT_PROTOTYPES = YES;
				CLANG_WARN_SUSPICIOUS_MOVE = YES;
				CLANG_WARN_UNREACHABLE_CODE = YES;
				CLANG_WARN__DUPLICATE_METHOD_MATCH = YES;
				COPY_PHASE_STRIP = YES;
				ENABLE_NS_ASSERTIONS = NO;
				ENABLE_STRICT_OBJC_MSGSEND = YES;
				"EXCLUDED_ARCHS[sdk=iphonesimulator*]" = arm64;
				GCC_C_LANGUAGE_STANDARD = gnu99;
				GCC_NO_COMMON_BLOCKS = YES;
				GCC_WARN_64_TO_32_BIT_CONVERSION = YES;
				GCC_WARN_ABOUT_RETURN_TYPE = YES_ERROR;
				GCC_WARN_UNDECLARED_SELECTOR = YES;
				GCC_WARN_UNINITIALIZED_AUTOS = YES_AGGRESSIVE;
				GCC_WARN_UNUSED_FUNCTION = YES;
				GCC_WARN_UNUSED_VARIABLE = YES;
				IPHONEOS_DEPLOYMENT_TARGET = 8.0;
				MTL_ENABLE_DEBUG_INFO = NO;
				SDKROOT = iphoneos;
				VALIDATE_PRODUCT = YES;
			};
			name = Release;
		};
		58B511F01A9E6C8500147676 /* Debug */ = {
			isa = XCBuildConfiguration;
			buildSettings = {
				FRAMEWORK_SEARCH_PATHS = (
					"$(inherited)",
					"$(PROJECT_DIR)",
					"$(PROJECT_DIR)/../../../ios",
				);
				HEADER_SEARCH_PATHS = (
					"$(inherited)",
					/Applications/Xcode.app/Contents/Developer/Toolchains/XcodeDefault.xctoolchain/usr/include,
					"$(SRCROOT)/../../../React/**",
					"$(SRCROOT)/../../react-native/React/**",
				);
				LIBRARY_SEARCH_PATHS = "$(inherited)";
				OTHER_LDFLAGS = "-ObjC";
				PRODUCT_NAME = RNReactNativeZiggeoLibrary;
				SKIP_INSTALL = YES;
			};
			name = Debug;
		};
		58B511F11A9E6C8500147676 /* Release */ = {
			isa = XCBuildConfiguration;
			buildSettings = {
				FRAMEWORK_SEARCH_PATHS = (
					"$(inherited)",
					"$(PROJECT_DIR)",
					"$(PROJECT_DIR)/../../../ios",
				);
				HEADER_SEARCH_PATHS = (
					"$(inherited)",
					/Applications/Xcode.app/Contents/Developer/Toolchains/XcodeDefault.xctoolchain/usr/include,
					"$(SRCROOT)/../../../React/**",
					"$(SRCROOT)/../../react-native/React/**",
				);
				LIBRARY_SEARCH_PATHS = "$(inherited)";
				OTHER_LDFLAGS = "-ObjC";
				PRODUCT_NAME = RNReactNativeZiggeoLibrary;
				SKIP_INSTALL = YES;
			};
			name = Release;
		};
/* End XCBuildConfiguration section */

/* Begin XCConfigurationList section */
		58B511D61A9E6C8500147676 /* Build configuration list for PBXProject "RNReactNativeZiggeoLibrary" */ = {
			isa = XCConfigurationList;
			buildConfigurations = (
				58B511ED1A9E6C8500147676 /* Debug */,
				58B511EE1A9E6C8500147676 /* Release */,
			);
			defaultConfigurationIsVisible = 0;
			defaultConfigurationName = Release;
		};
		58B511EF1A9E6C8500147676 /* Build configuration list for PBXNativeTarget "RNReactNativeZiggeoLibrary" */ = {
			isa = XCConfigurationList;
			buildConfigurations = (
				58B511F01A9E6C8500147676 /* Debug */,
				58B511F11A9E6C8500147676 /* Release */,
			);
			defaultConfigurationIsVisible = 0;
			defaultConfigurationName = Release;
		};
/* End XCConfigurationList section */
	};
	rootObject = 58B511D31A9E6C8500147676 /* Project object */;
}
